// !$*UTF8*$!
{
	archiveVersion = 1;
	classes = {
	};
	objectVersion = 51;
	objects = {

/* Begin PBXBuildFile section */
		2BF3C61553A6866382368321 /* Pods_H_M_C_N_B_Kaluhendiwala_COBSCcomp192p_022.framework in Frameworks */ = {isa = PBXBuildFile; fileRef = C4D89808D55A72716318AB65 /* Pods_H_M_C_N_B_Kaluhendiwala_COBSCcomp192p_022.framework */; };
		DB07E558263557DB005872F0 /* AppDelegate.swift in Sources */ = {isa = PBXBuildFile; fileRef = DB07E557263557DB005872F0 /* AppDelegate.swift */; };
		DB07E55A263557DB005872F0 /* SceneDelegate.swift in Sources */ = {isa = PBXBuildFile; fileRef = DB07E559263557DB005872F0 /* SceneDelegate.swift */; };
		DB07E55F263557DB005872F0 /* Main.storyboard in Resources */ = {isa = PBXBuildFile; fileRef = DB07E55D263557DB005872F0 /* Main.storyboard */; };
		DB07E561263557DC005872F0 /* Assets.xcassets in Resources */ = {isa = PBXBuildFile; fileRef = DB07E560263557DC005872F0 /* Assets.xcassets */; };
		DB07E564263557DC005872F0 /* LaunchScreen.storyboard in Resources */ = {isa = PBXBuildFile; fileRef = DB07E562263557DC005872F0 /* LaunchScreen.storyboard */; };
		DB0BFE7326399B05008CA874 /* ForgotViewController.swift in Sources */ = {isa = PBXBuildFile; fileRef = DB0BFE7226399B05008CA874 /* ForgotViewController.swift */; };
		DB53DAE02637C41600A6AAFD /* MenuViewController.swift in Sources */ = {isa = PBXBuildFile; fileRef = DB53DADF2637C41600A6AAFD /* MenuViewController.swift */; };
		DBD6DABC26357D9400FF03EE /* SignInViewController.swift in Sources */ = {isa = PBXBuildFile; fileRef = DBD6DABB26357D9400FF03EE /* SignInViewController.swift */; };
		DBD6DABE26357DB500FF03EE /* SignUpViewController.swift in Sources */ = {isa = PBXBuildFile; fileRef = DBD6DABD26357DB500FF03EE /* SignUpViewController.swift */; };
		DBD6DAC2263587C700FF03EE /* EntityModel.swift in Sources */ = {isa = PBXBuildFile; fileRef = DBD6DAC1263587C700FF03EE /* EntityModel.swift */; };
		DBD6DAC526358A7B00FF03EE /* InputValidator.swift in Sources */ = {isa = PBXBuildFile; fileRef = DBD6DAC426358A7B00FF03EE /* InputValidator.swift */; };
		DBD6DAC726358C5F00FF03EE /* SessionManager.swift in Sources */ = {isa = PBXBuildFile; fileRef = DBD6DAC626358C5F00FF03EE /* SessionManager.swift */; };
		DBD6DAC92635910F00FF03EE /* LaunchViewController.swift in Sources */ = {isa = PBXBuildFile; fileRef = DBD6DAC82635910F00FF03EE /* LaunchViewController.swift */; };
		DBD6DACB2635C28300FF03EE /* StoreViewController.swift in Sources */ = {isa = PBXBuildFile; fileRef = DBD6DACA2635C28300FF03EE /* StoreViewController.swift */; };
		DBEF870B2636776500DAE5CC /* AccountViewController.swift in Sources */ = {isa = PBXBuildFile; fileRef = DBEF870A2636776500DAE5CC /* AccountViewController.swift */; };
		DBEF871626369DBD00DAE5CC /* PreviewViewController.swift in Sources */ = {isa = PBXBuildFile; fileRef = DBEF871526369DBD00DAE5CC /* PreviewViewController.swift */; };
		DBEF871A2636A1C800DAE5CC /* PreviewTableViewCell.swift in Sources */ = {isa = PBXBuildFile; fileRef = DBEF87182636A1C800DAE5CC /* PreviewTableViewCell.swift */; };
		DBEF871B2636A1C800DAE5CC /* PreviewTableViewCell.xib in Resources */ = {isa = PBXBuildFile; fileRef = DBEF87192636A1C800DAE5CC /* PreviewTableViewCell.xib */; };
		DBFE6E4E2636DD3C00ADD7C5 /* GoogleService-Info.plist in Resources */ = {isa = PBXBuildFile; fileRef = DBFE6E4D2636DD3C00ADD7C5 /* GoogleService-Info.plist */; };
/* End PBXBuildFile section */

/* Begin PBXFileReference section */
		383236135E6C6D3B58510650 /* Pods-H.M.C.N.B.Kaluhendiwala_COBSCcomp192p-022.release.xcconfig */ = {isa = PBXFileReference; includeInIndex = 1; lastKnownFileType = text.xcconfig; name = "Pods-H.M.C.N.B.Kaluhendiwala_COBSCcomp192p-022.release.xcconfig"; path = "Target Support Files/Pods-H.M.C.N.B.Kaluhendiwala_COBSCcomp192p-022/Pods-H.M.C.N.B.Kaluhendiwala_COBSCcomp192p-022.release.xcconfig"; sourceTree = "<group>"; };
		C4D89808D55A72716318AB65 /* Pods_H_M_C_N_B_Kaluhendiwala_COBSCcomp192p_022.framework */ = {isa = PBXFileReference; explicitFileType = wrapper.framework; includeInIndex = 0; path = Pods_H_M_C_N_B_Kaluhendiwala_COBSCcomp192p_022.framework; sourceTree = BUILT_PRODUCTS_DIR; };
		DB07E554263557DB005872F0 /* H.M.C.N.B.Kaluhendiwala_COBSCcomp192p-022.app */ = {isa = PBXFileReference; explicitFileType = wrapper.application; includeInIndex = 0; path = "H.M.C.N.B.Kaluhendiwala_COBSCcomp192p-022.app"; sourceTree = BUILT_PRODUCTS_DIR; };
		DB07E557263557DB005872F0 /* AppDelegate.swift */ = {isa = PBXFileReference; lastKnownFileType = sourcecode.swift; path = AppDelegate.swift; sourceTree = "<group>"; };
		DB07E559263557DB005872F0 /* SceneDelegate.swift */ = {isa = PBXFileReference; lastKnownFileType = sourcecode.swift; path = SceneDelegate.swift; sourceTree = "<group>"; };
		DB07E55E263557DB005872F0 /* Base */ = {isa = PBXFileReference; lastKnownFileType = file.storyboard; name = Base; path = Base.lproj/Main.storyboard; sourceTree = "<group>"; };
		DB07E560263557DC005872F0 /* Assets.xcassets */ = {isa = PBXFileReference; lastKnownFileType = folder.assetcatalog; path = Assets.xcassets; sourceTree = "<group>"; };
		DB07E563263557DC005872F0 /* Base */ = {isa = PBXFileReference; lastKnownFileType = file.storyboard; name = Base; path = Base.lproj/LaunchScreen.storyboard; sourceTree = "<group>"; };
		DB07E565263557DC005872F0 /* Info.plist */ = {isa = PBXFileReference; lastKnownFileType = text.plist.xml; path = Info.plist; sourceTree = "<group>"; };
		DB0BFE7226399B05008CA874 /* ForgotViewController.swift */ = {isa = PBXFileReference; lastKnownFileType = sourcecode.swift; path = ForgotViewController.swift; sourceTree = "<group>"; };
		DB53DADF2637C41600A6AAFD /* MenuViewController.swift */ = {isa = PBXFileReference; lastKnownFileType = sourcecode.swift; path = MenuViewController.swift; sourceTree = "<group>"; };
		DBD6DABB26357D9400FF03EE /* SignInViewController.swift */ = {isa = PBXFileReference; lastKnownFileType = sourcecode.swift; path = SignInViewController.swift; sourceTree = "<group>"; };
		DBD6DABD26357DB500FF03EE /* SignUpViewController.swift */ = {isa = PBXFileReference; lastKnownFileType = sourcecode.swift; path = SignUpViewController.swift; sourceTree = "<group>"; };
		DBD6DAC1263587C700FF03EE /* EntityModel.swift */ = {isa = PBXFileReference; lastKnownFileType = sourcecode.swift; path = EntityModel.swift; sourceTree = "<group>"; };
		DBD6DAC426358A7B00FF03EE /* InputValidator.swift */ = {isa = PBXFileReference; fileEncoding = 4; lastKnownFileType = sourcecode.swift; path = InputValidator.swift; sourceTree = "<group>"; };
		DBD6DAC626358C5F00FF03EE /* SessionManager.swift */ = {isa = PBXFileReference; lastKnownFileType = sourcecode.swift; path = SessionManager.swift; sourceTree = "<group>"; };
		DBD6DAC82635910F00FF03EE /* LaunchViewController.swift */ = {isa = PBXFileReference; lastKnownFileType = sourcecode.swift; path = LaunchViewController.swift; sourceTree = "<group>"; };
		DBD6DACA2635C28300FF03EE /* StoreViewController.swift */ = {isa = PBXFileReference; lastKnownFileType = sourcecode.swift; path = StoreViewController.swift; sourceTree = "<group>"; };
		DBEF870A2636776500DAE5CC /* AccountViewController.swift */ = {isa = PBXFileReference; lastKnownFileType = sourcecode.swift; path = AccountViewController.swift; sourceTree = "<group>"; };
		DBEF871526369DBD00DAE5CC /* PreviewViewController.swift */ = {isa = PBXFileReference; lastKnownFileType = sourcecode.swift; path = PreviewViewController.swift; sourceTree = "<group>"; };
		DBEF87182636A1C800DAE5CC /* PreviewTableViewCell.swift */ = {isa = PBXFileReference; lastKnownFileType = sourcecode.swift; path = PreviewTableViewCell.swift; sourceTree = "<group>"; };
		DBEF87192636A1C800DAE5CC /* PreviewTableViewCell.xib */ = {isa = PBXFileReference; lastKnownFileType = file.xib; path = PreviewTableViewCell.xib; sourceTree = "<group>"; };
		DBFE6E4D2636DD3C00ADD7C5 /* GoogleService-Info.plist */ = {isa = PBXFileReference; fileEncoding = 4; lastKnownFileType = text.plist.xml; path = "GoogleService-Info.plist"; sourceTree = "<group>"; };
		E1B64AC5AE8E4D78A564E4D1 /* Pods-H.M.C.N.B.Kaluhendiwala_COBSCcomp192p-022.debug.xcconfig */ = {isa = PBXFileReference; includeInIndex = 1; lastKnownFileType = text.xcconfig; name = "Pods-H.M.C.N.B.Kaluhendiwala_COBSCcomp192p-022.debug.xcconfig"; path = "Target Support Files/Pods-H.M.C.N.B.Kaluhendiwala_COBSCcomp192p-022/Pods-H.M.C.N.B.Kaluhendiwala_COBSCcomp192p-022.debug.xcconfig"; sourceTree = "<group>"; };
/* End PBXFileReference section */

/* Begin PBXFrameworksBuildPhase section */
		DB07E551263557DB005872F0 /* Frameworks */ = {
			isa = PBXFrameworksBuildPhase;
			buildActionMask = 2147483647;
			files = (
				2BF3C61553A6866382368321 /* Pods_H_M_C_N_B_Kaluhendiwala_COBSCcomp192p_022.framework in Frameworks */,
			);
			runOnlyForDeploymentPostprocessing = 0;
		};
/* End PBXFrameworksBuildPhase section */

/* Begin PBXGroup section */
		4FCD362DA4722D23C9427C85 /* Frameworks */ = {
			isa = PBXGroup;
			children = (
				C4D89808D55A72716318AB65 /* Pods_H_M_C_N_B_Kaluhendiwala_COBSCcomp192p_022.framework */,
			);
			name = Frameworks;
			sourceTree = "<group>";
		};
		775659EDD8954128619E0A20 /* Pods */ = {
			isa = PBXGroup;
			children = (
				E1B64AC5AE8E4D78A564E4D1 /* Pods-H.M.C.N.B.Kaluhendiwala_COBSCcomp192p-022.debug.xcconfig */,
				383236135E6C6D3B58510650 /* Pods-H.M.C.N.B.Kaluhendiwala_COBSCcomp192p-022.release.xcconfig */,
			);
			path = Pods;
			sourceTree = "<group>";
		};
		DB07E54B263557DB005872F0 = {
			isa = PBXGroup;
			children = (
				DB07E556263557DB005872F0 /* H.M.C.N.B.Kaluhendiwala_COBSCcomp192p-022 */,
				DB07E555263557DB005872F0 /* Products */,
				775659EDD8954128619E0A20 /* Pods */,
				4FCD362DA4722D23C9427C85 /* Frameworks */,
			);
			sourceTree = "<group>";
		};
		DB07E555263557DB005872F0 /* Products */ = {
			isa = PBXGroup;
			children = (
				DB07E554263557DB005872F0 /* H.M.C.N.B.Kaluhendiwala_COBSCcomp192p-022.app */,
			);
			name = Products;
			sourceTree = "<group>";
		};
		DB07E556263557DB005872F0 /* H.M.C.N.B.Kaluhendiwala_COBSCcomp192p-022 */ = {
			isa = PBXGroup;
			children = (
				DBEF87172636A16300DAE5CC /* TableViewCells */,
				DBD6DAC326358A2800FF03EE /* Utilities */,
				DB2E081D26356D820088022F /* Controller */,
				DB2E081C26356D730088022F /* View */,
				DB2E081B26356D4E0088022F /* Model */,
				DB07E557263557DB005872F0 /* AppDelegate.swift */,
				DB07E559263557DB005872F0 /* SceneDelegate.swift */,
				DB07E560263557DC005872F0 /* Assets.xcassets */,
				DB07E562263557DC005872F0 /* LaunchScreen.storyboard */,
				DB07E565263557DC005872F0 /* Info.plist */,
				DBFE6E4D2636DD3C00ADD7C5 /* GoogleService-Info.plist */,
			);
			path = "H.M.C.N.B.Kaluhendiwala_COBSCcomp192p-022";
			sourceTree = "<group>";
		};
		DB2E081B26356D4E0088022F /* Model */ = {
			isa = PBXGroup;
			children = (
				DBD6DAC1263587C700FF03EE /* EntityModel.swift */,
			);
			path = Model;
			sourceTree = "<group>";
		};
		DB2E081C26356D730088022F /* View */ = {
			isa = PBXGroup;
			children = (
				DB07E55D263557DB005872F0 /* Main.storyboard */,
			);
			path = View;
			sourceTree = "<group>";
		};
		DB2E081D26356D820088022F /* Controller */ = {
			isa = PBXGroup;
			children = (
				DBD6DABB26357D9400FF03EE /* SignInViewController.swift */,
				DBD6DABD26357DB500FF03EE /* SignUpViewController.swift */,
				DBD6DAC82635910F00FF03EE /* LaunchViewController.swift */,
				DBD6DACA2635C28300FF03EE /* StoreViewController.swift */,
				DBEF870A2636776500DAE5CC /* AccountViewController.swift */,
				DBEF871526369DBD00DAE5CC /* PreviewViewController.swift */,
				DB53DADF2637C41600A6AAFD /* MenuViewController.swift */,
				DB0BFE7226399B05008CA874 /* ForgotViewController.swift */,
			);
			path = Controller;
			sourceTree = "<group>";
		};
		DBD6DAC326358A2800FF03EE /* Utilities */ = {
			isa = PBXGroup;
			children = (
				DBD6DAC426358A7B00FF03EE /* InputValidator.swift */,
				DBD6DAC626358C5F00FF03EE /* SessionManager.swift */,
			);
			path = Utilities;
			sourceTree = "<group>";
		};
		DBEF87172636A16300DAE5CC /* TableViewCells */ = {
			isa = PBXGroup;
			children = (
				DBEF87182636A1C800DAE5CC /* PreviewTableViewCell.swift */,
				DBEF87192636A1C800DAE5CC /* PreviewTableViewCell.xib */,
			);
			path = TableViewCells;
			sourceTree = "<group>";
		};
/* End PBXGroup section */

/* Begin PBXNativeTarget section */
		DB07E553263557DB005872F0 /* H.M.C.N.B.Kaluhendiwala_COBSCcomp192p-022 */ = {
			isa = PBXNativeTarget;
			buildConfigurationList = DB07E568263557DC005872F0 /* Build configuration list for PBXNativeTarget "H.M.C.N.B.Kaluhendiwala_COBSCcomp192p-022" */;
			buildPhases = (
				B0B242D67B2E7F1263A5CC88 /* [CP] Check Pods Manifest.lock */,
				DB07E550263557DB005872F0 /* Sources */,
				DB07E551263557DB005872F0 /* Frameworks */,
				DB07E552263557DB005872F0 /* Resources */,
				345436242FC46924E132222E /* [CP] Embed Pods Frameworks */,
			);
			buildRules = (
			);
			dependencies = (
			);
			name = "H.M.C.N.B.Kaluhendiwala_COBSCcomp192p-022";
			productName = "H.M.C.N.B.Kaluhendiwala_COBSCcomp192p-022";
			productReference = DB07E554263557DB005872F0 /* H.M.C.N.B.Kaluhendiwala_COBSCcomp192p-022.app */;
			productType = "com.apple.product-type.application";
		};
/* End PBXNativeTarget section */

/* Begin PBXProject section */
		DB07E54C263557DB005872F0 /* Project object */ = {
			isa = PBXProject;
			attributes = {
				LastSwiftUpdateCheck = 1150;
				LastUpgradeCheck = 1150;
				ORGANIZATIONNAME = char1;
				TargetAttributes = {
					DB07E553263557DB005872F0 = {
						CreatedOnToolsVersion = 11.5;
					};
				};
			};
			buildConfigurationList = DB07E54F263557DB005872F0 /* Build configuration list for PBXProject "H.M.C.N.B.Kaluhendiwala_COBSCcomp192p-022" */;
			compatibilityVersion = "Xcode 9.3";
			developmentRegion = en;
			hasScannedForEncodings = 0;
			knownRegions = (
				en,
				Base,
			);
			mainGroup = DB07E54B263557DB005872F0;
			productRefGroup = DB07E555263557DB005872F0 /* Products */;
			projectDirPath = "";
			projectRoot = "";
			targets = (
				DB07E553263557DB005872F0 /* H.M.C.N.B.Kaluhendiwala_COBSCcomp192p-022 */,
			);
		};
/* End PBXProject section */

/* Begin PBXResourcesBuildPhase section */
		DB07E552263557DB005872F0 /* Resources */ = {
			isa = PBXResourcesBuildPhase;
			buildActionMask = 2147483647;
			files = (
				DB07E564263557DC005872F0 /* LaunchScreen.storyboard in Resources */,
				DB07E561263557DC005872F0 /* Assets.xcassets in Resources */,
				DBFE6E4E2636DD3C00ADD7C5 /* GoogleService-Info.plist in Resources */,
				DB07E55F263557DB005872F0 /* Main.storyboard in Resources */,
				DBEF871B2636A1C800DAE5CC /* PreviewTableViewCell.xib in Resources */,
			);
			runOnlyForDeploymentPostprocessing = 0;
		};
/* End PBXResourcesBuildPhase section */

/* Begin PBXShellScriptBuildPhase section */
		345436242FC46924E132222E /* [CP] Embed Pods Frameworks */ = {
			isa = PBXShellScriptBuildPhase;
			buildActionMask = 2147483647;
			files = (
			);
			inputFileListPaths = (
				"${PODS_ROOT}/Target Support Files/Pods-H.M.C.N.B.Kaluhendiwala_COBSCcomp192p-022/Pods-H.M.C.N.B.Kaluhendiwala_COBSCcomp192p-022-frameworks-${CONFIGURATION}-input-files.xcfilelist",
			);
			name = "[CP] Embed Pods Frameworks";
			outputFileListPaths = (
				"${PODS_ROOT}/Target Support Files/Pods-H.M.C.N.B.Kaluhendiwala_COBSCcomp192p-022/Pods-H.M.C.N.B.Kaluhendiwala_COBSCcomp192p-022-frameworks-${CONFIGURATION}-output-files.xcfilelist",
			);
			runOnlyForDeploymentPostprocessing = 0;
			shellPath = /bin/sh;
			shellScript = "\"${PODS_ROOT}/Target Support Files/Pods-H.M.C.N.B.Kaluhendiwala_COBSCcomp192p-022/Pods-H.M.C.N.B.Kaluhendiwala_COBSCcomp192p-022-frameworks.sh\"\n";
			showEnvVarsInLog = 0;
		};
		B0B242D67B2E7F1263A5CC88 /* [CP] Check Pods Manifest.lock */ = {
			isa = PBXShellScriptBuildPhase;
			buildActionMask = 2147483647;
			files = (
			);
			inputFileListPaths = (
			);
			inputPaths = (
				"${PODS_PODFILE_DIR_PATH}/Podfile.lock",
				"${PODS_ROOT}/Manifest.lock",
			);
			name = "[CP] Check Pods Manifest.lock";
			outputFileListPaths = (
			);
			outputPaths = (
				"$(DERIVED_FILE_DIR)/Pods-H.M.C.N.B.Kaluhendiwala_COBSCcomp192p-022-checkManifestLockResult.txt",
			);
			runOnlyForDeploymentPostprocessing = 0;
			shellPath = /bin/sh;
			shellScript = "diff \"${PODS_PODFILE_DIR_PATH}/Podfile.lock\" \"${PODS_ROOT}/Manifest.lock\" > /dev/null\nif [ $? != 0 ] ; then\n    # print error to STDERR\n    echo \"error: The sandbox is not in sync with the Podfile.lock. Run 'pod install' or update your CocoaPods installation.\" >&2\n    exit 1\nfi\n# This output is used by Xcode 'outputs' to avoid re-running this script phase.\necho \"SUCCESS\" > \"${SCRIPT_OUTPUT_FILE_0}\"\n";
			showEnvVarsInLog = 0;
		};
/* End PBXShellScriptBuildPhase section */

/* Begin PBXSourcesBuildPhase section */
		DB07E550263557DB005872F0 /* Sources */ = {
			isa = PBXSourcesBuildPhase;
			buildActionMask = 2147483647;
			files = (
				DBD6DAC2263587C700FF03EE /* EntityModel.swift in Sources */,
				DBD6DAC526358A7B00FF03EE /* InputValidator.swift in Sources */,
				DBEF870B2636776500DAE5CC /* AccountViewController.swift in Sources */,
				DB0BFE7326399B05008CA874 /* ForgotViewController.swift in Sources */,
				DB07E558263557DB005872F0 /* AppDelegate.swift in Sources */,
				DBEF871626369DBD00DAE5CC /* PreviewViewController.swift in Sources */,
				DB07E55A263557DB005872F0 /* SceneDelegate.swift in Sources */,
				DBEF871A2636A1C800DAE5CC /* PreviewTableViewCell.swift in Sources */,
				DB53DAE02637C41600A6AAFD /* MenuViewController.swift in Sources */,
				DBD6DABE26357DB500FF03EE /* SignUpViewController.swift in Sources */,
				DBD6DACB2635C28300FF03EE /* StoreViewController.swift in Sources */,
				DBD6DABC26357D9400FF03EE /* SignInViewController.swift in Sources */,
				DBD6DAC726358C5F00FF03EE /* SessionManager.swift in Sources */,
				DBD6DAC92635910F00FF03EE /* LaunchViewController.swift in Sources */,
			);
			runOnlyForDeploymentPostprocessing = 0;
		};
/* End PBXSourcesBuildPhase section */

/* Begin PBXVariantGroup section */
		DB07E55D263557DB005872F0 /* Main.storyboard */ = {
			isa = PBXVariantGroup;
			children = (
				DB07E55E263557DB005872F0 /* Base */,
			);
			name = Main.storyboard;
			sourceTree = "<group>";
		};
		DB07E562263557DC005872F0 /* LaunchScreen.storyboard */ = {
			isa = PBXVariantGroup;
			children = (
				DB07E563263557DC005872F0 /* Base */,
			);
			name = LaunchScreen.storyboard;
			sourceTree = "<group>";
		};
/* End PBXVariantGroup section */

/* Begin XCBuildConfiguration section */
		DB07E566263557DC005872F0 /* Debug */ = {
			isa = XCBuildConfiguration;
			buildSettings = {
				ALWAYS_SEARCH_USER_PATHS = NO;
				CLANG_ANALYZER_NONNULL = YES;
				CLANG_ANALYZER_NUMBER_OBJECT_CONVERSION = YES_AGGRESSIVE;
				CLANG_CXX_LANGUAGE_STANDARD = "gnu++14";
				CLANG_CXX_LIBRARY = "libc++";
				CLANG_ENABLE_MODULES = YES;
				CLANG_ENABLE_OBJC_ARC = YES;
				CLANG_ENABLE_OBJC_WEAK = YES;
				CLANG_WARN_BLOCK_CAPTURE_AUTORELEASING = YES;
				CLANG_WARN_BOOL_CONVERSION = YES;
				CLANG_WARN_COMMA = YES;
				CLANG_WARN_CONSTANT_CONVERSION = YES;
				CLANG_WARN_DEPRECATED_OBJC_IMPLEMENTATIONS = YES;
				CLANG_WARN_DIRECT_OBJC_ISA_USAGE = YES_ERROR;
				CLANG_WARN_DOCUMENTATION_COMMENTS = YES;
				CLANG_WARN_EMPTY_BODY = YES;
				CLANG_WARN_ENUM_CONVERSION = YES;
				CLANG_WARN_INFINITE_RECURSION = YES;
				CLANG_WARN_INT_CONVERSION = YES;
				CLANG_WARN_NON_LITERAL_NULL_CONVERSION = YES;
				CLANG_WARN_OBJC_IMPLICIT_RETAIN_SELF = YES;
				CLANG_WARN_OBJC_LITERAL_CONVERSION = YES;
				CLANG_WARN_OBJC_ROOT_CLASS = YES_ERROR;
				CLANG_WARN_RANGE_LOOP_ANALYSIS = YES;
				CLANG_WARN_STRICT_PROTOTYPES = YES;
				CLANG_WARN_SUSPICIOUS_MOVE = YES;
				CLANG_WARN_UNGUARDED_AVAILABILITY = YES_AGGRESSIVE;
				CLANG_WARN_UNREACHABLE_CODE = YES;
				CLANG_WARN__DUPLICATE_METHOD_MATCH = YES;
				COPY_PHASE_STRIP = NO;
				DEBUG_INFORMATION_FORMAT = dwarf;
				ENABLE_STRICT_OBJC_MSGSEND = YES;
				ENABLE_TESTABILITY = YES;
				GCC_C_LANGUAGE_STANDARD = gnu11;
				GCC_DYNAMIC_NO_PIC = NO;
				GCC_NO_COMMON_BLOCKS = YES;
				GCC_OPTIMIZATION_LEVEL = 0;
				GCC_PREPROCESSOR_DEFINITIONS = (
					"DEBUG=1",
					"$(inherited)",
				);
				GCC_WARN_64_TO_32_BIT_CONVERSION = YES;
				GCC_WARN_ABOUT_RETURN_TYPE = YES_ERROR;
				GCC_WARN_UNDECLARED_SELECTOR = YES;
				GCC_WARN_UNINITIALIZED_AUTOS = YES_AGGRESSIVE;
				GCC_WARN_UNUSED_FUNCTION = YES;
				GCC_WARN_UNUSED_VARIABLE = YES;
				IPHONEOS_DEPLOYMENT_TARGET = 13.5;
				MTL_ENABLE_DEBUG_INFO = INCLUDE_SOURCE;
				MTL_FAST_MATH = YES;
				ONLY_ACTIVE_ARCH = YES;
				SDKROOT = iphoneos;
				SWIFT_ACTIVE_COMPILATION_CONDITIONS = DEBUG;
				SWIFT_OPTIMIZATION_LEVEL = "-Onone";
			};
			name = Debug;
		};
		DB07E567263557DC005872F0 /* Release */ = {
			isa = XCBuildConfiguration;
			buildSettings = {
				ALWAYS_SEARCH_USER_PATHS = NO;
				CLANG_ANALYZER_NONNULL = YES;
				CLANG_ANALYZER_NUMBER_OBJECT_CONVERSION = YES_AGGRESSIVE;
				CLANG_CXX_LANGUAGE_STANDARD = "gnu++14";
				CLANG_CXX_LIBRARY = "libc++";
				CLANG_ENABLE_MODULES = YES;
				CLANG_ENABLE_OBJC_ARC = YES;
				CLANG_ENABLE_OBJC_WEAK = YES;
				CLANG_WARN_BLOCK_CAPTURE_AUTORELEASING = YES;
				CLANG_WARN_BOOL_CONVERSION = YES;
				CLANG_WARN_COMMA = YES;
				CLANG_WARN_CONSTANT_CONVERSION = YES;
				CLANG_WARN_DEPRECATED_OBJC_IMPLEMENTATIONS = YES;
				CLANG_WARN_DIRECT_OBJC_ISA_USAGE = YES_ERROR;
				CLANG_WARN_DOCUMENTATION_COMMENTS = YES;
				CLANG_WARN_EMPTY_BODY = YES;
				CLANG_WARN_ENUM_CONVERSION = YES;
				CLANG_WARN_INFINITE_RECURSION = YES;
				CLANG_WARN_INT_CONVERSION = YES;
				CLANG_WARN_NON_LITERAL_NULL_CONVERSION = YES;
				CLANG_WARN_OBJC_IMPLICIT_RETAIN_SELF = YES;
				CLANG_WARN_OBJC_LITERAL_CONVERSION = YES;
				CLANG_WARN_OBJC_ROOT_CLASS = YES_ERROR;
				CLANG_WARN_RANGE_LOOP_ANALYSIS = YES;
				CLANG_WARN_STRICT_PROTOTYPES = YES;
				CLANG_WARN_SUSPICIOUS_MOVE = YES;
				CLANG_WARN_UNGUARDED_AVAILABILITY = YES_AGGRESSIVE;
				CLANG_WARN_UNREACHABLE_CODE = YES;
				CLANG_WARN__DUPLICATE_METHOD_MATCH = YES;
				COPY_PHASE_STRIP = NO;
				DEBUG_INFORMATION_FORMAT = "dwarf-with-dsym";
				ENABLE_NS_ASSERTIONS = NO;
				ENABLE_STRICT_OBJC_MSGSEND = YES;
				GCC_C_LANGUAGE_STANDARD = gnu11;
				GCC_NO_COMMON_BLOCKS = YES;
				GCC_WARN_64_TO_32_BIT_CONVERSION = YES;
				GCC_WARN_ABOUT_RETURN_TYPE = YES_ERROR;
				GCC_WARN_UNDECLARED_SELECTOR = YES;
				GCC_WARN_UNINITIALIZED_AUTOS = YES_AGGRESSIVE;
				GCC_WARN_UNUSED_FUNCTION = YES;
				GCC_WARN_UNUSED_VARIABLE = YES;
				IPHONEOS_DEPLOYMENT_TARGET = 13.5;
				MTL_ENABLE_DEBUG_INFO = NO;
				MTL_FAST_MATH = YES;
				SDKROOT = iphoneos;
				SWIFT_COMPILATION_MODE = wholemodule;
				SWIFT_OPTIMIZATION_LEVEL = "-O";
				VALIDATE_PRODUCT = YES;
			};
			name = Release;
		};
		DB07E569263557DC005872F0 /* Debug */ = {
			isa = XCBuildConfiguration;
			baseConfigurationReference = E1B64AC5AE8E4D78A564E4D1 /* Pods-H.M.C.N.B.Kaluhendiwala_COBSCcomp192p-022.debug.xcconfig */;
			buildSettings = {
				ASSETCATALOG_COMPILER_APPICON_NAME = AppIcon;
				CODE_SIGN_STYLE = Automatic;
				DEVELOPMENT_TEAM = 29JCN5LR2N;
				INFOPLIST_FILE = "H.M.C.N.B.Kaluhendiwala_COBSCcomp192p-022/Info.plist";
				LD_RUNPATH_SEARCH_PATHS = (
					"$(inherited)",
					"@executable_path/Frameworks",
				);
				PRODUCT_BUNDLE_IDENTIFIER = "com.chari.H-M-C-N-B-Kaluhendiwala-COBSCcomp192p-022";
				PRODUCT_NAME = "H.M.C.N.B.Kaluhendiwala_COBSCcomp192p-022";
				SWIFT_VERSION = 5.0;
				TARGETED_DEVICE_FAMILY = "1,2";
			};
			name = Debug;
		};
		DB07E56A263557DC005872F0 /* Release */ = {
			isa = XCBuildConfiguration;
			baseConfigurationReference = 383236135E6C6D3B58510650 /* Pods-H.M.C.N.B.Kaluhendiwala_COBSCcomp192p-022.release.xcconfig */;
			buildSettings = {
				ASSETCATALOG_COMPILER_APPICON_NAME = AppIcon;
				CODE_SIGN_STYLE = Automatic;
				DEVELOPMENT_TEAM = 29JCN5LR2N;
				INFOPLIST_FILE = "H.M.C.N.B.Kaluhendiwala_COBSCcomp192p-022/Info.plist";
				LD_RUNPATH_SEARCH_PATHS = (
					"$(inherited)",
					"@executable_path/Frameworks",
				);
				PRODUCT_BUNDLE_IDENTIFIER = "com.chari.H-M-C-N-B-Kaluhendiwala-COBSCcomp192p-022";
				PRODUCT_NAME = "H.M.C.N.B.Kaluhendiwala_COBSCcomp192p-022";
				SWIFT_VERSION = 5.0;
				TARGETED_DEVICE_FAMILY = "1,2";
			};
			name = Release;
		};
/* End XCBuildConfiguration section */

/* Begin XCConfigurationList section */
		DB07E54F263557DB005872F0 /* Build configuration list for PBXProject "H.M.C.N.B.Kaluhendiwala_COBSCcomp192p-022" */ = {
			isa = XCConfigurationList;
			buildConfigurations = (
				DB07E566263557DC005872F0 /* Debug */,
				DB07E567263557DC005872F0 /* Release */,
			);
			defaultConfigurationIsVisible = 0;
			defaultConfigurationName = Release;
		};
		DB07E568263557DC005872F0 /* Build configuration list for PBXNativeTarget "H.M.C.N.B.Kaluhendiwala_COBSCcomp192p-022" */ = {
			isa = XCConfigurationList;
			buildConfigurations = (
				DB07E569263557DC005872F0 /* Debug */,
				DB07E56A263557DC005872F0 /* Release */,
			);
			defaultConfigurationIsVisible = 0;
			defaultConfigurationName = Release;
		};
/* End XCConfigurationList section */
	};
	rootObject = DB07E54C263557DB005872F0 /* Project object */;
}
